github.com/vedranvuk/bast v0.0.0-20240913194321-b97f384711f2 h1:B5xoFqV3bcRCI1HjF6u3nKo4RXsmJDC1YXuUZ9dcy2Y=
github.com/vedranvuk/bast v0.0.0-20240913194321-b97f384711f2/go.mod h1:1lfrJ7hSCwNgrgVUDrdpk8kvc5JBxZuvL3em67HHF7w=
github.com/vedranvuk/ds v0.0.0-20240913183506-6b66a044517c h1:kLK2HmClCCwlJXhfB1OzK8GZasOf+yJRrX0k2Dbh5iw=
github.com/vedranvuk/ds v0.0.0-20240913183506-6b66a044517c/go.mod h1:RIQ2p8LOPvgH358T4gmW09rVIdgRwUOaHVLkGVUAKr4=
github.com/vedranvuk/strutils v0.0.0-20240211084052-f0acc2be571d h1:CVLKdBJQwtpuJm8RjsVKX1VLTqeJXLNv2HyC9ovXPjM=
github.com/vedranvuk/strutils v0.0.0-20240211084052-f0acc2be571d/go.mod h1:QFCr2fY55ntbIwBMLhk6JhS4R9ZusUbiBeKRryKU3MM=
github.com/vedranvuk/strutils v0.0.0-20240914122838-493321e2ff81 h1:wMH4ikB64Ci4sTSZQT+S1Oe9QbFvLI1jEAIXaf+5e14=
github.com/vedranvuk/strutils v0.0.0-20240914122838-493321e2ff81/go.mod h1:QFCr2fY55ntbIwBMLhk6JhS4R9ZusUbiBeKRryKU3MM=
golang.org/x/mod v0.21.0 h1:vvrHzRwRfVKSiLrG+d4FMl/Qi4ukBCE6kZlTUkDYRT0=
golang.org/x/mod v0.21.0/go.mod h1:6SkKJ3Xj0I0BrPOZoBy3bdMptDDU9oJrpohJ3eWZ1fY=
golang.org/x/sync v0.8.0 h1:3NFvSEYkUoMifnESzZl15y791HH1qU2xm6eCJU5ZPXQ=
golang.org/x/sync v0.8.0/go.mod h1:Czt+wKu1gCyEFDUtn0jG5QVvpJ6rzVqr5aXyt9drQfk=
golang.org/x/tools v0.25.0 h1:oFU9pkj/iJgs+0DT+VMHrx+oBKs/LJMV+Uvg78sl+fE=
golang.org/x/tools v0.25.0/go.mod h1:/vtpO8WL1N9cQC3FN5zPqb//fRXskFHbLKk4OW1Q7rg=
